{
  "name": "static",
  "lockfileVersion": 3,
  "requires": true,
  "packages": {
    "": {
      "dependencies": {
        "leaflet": "^1.9.4",
        "leaflet-fullscreen": "^1.0.2",
        "leaflet-providers": "^2.0.0",
        "leaflet-realtime": "^2.2.0",
        "leaflet-search": "^4.0.0",
        "leaflet.locatecontrol": "^0.79.0",
        "leaflet.markercluster": "^1.5.3",
        "plotly.js-dist-min": "^2.31.0",
        "strftime": "^0.10.2"
      },
      "devDependencies": {
        "@types/strftime": "^0.9.8"
      }
    },
    "node_modules/@types/strftime": {
      "version": "0.9.8",
      "resolved": "https://registry.npmjs.org/@types/strftime/-/strftime-0.9.8.tgz",
      "integrity": "sha512-QIvDlGAKyF3YJbT3QZnfC+RIvV5noyDbi+ZJ5rkaSRqxCGrYJefgXm3leZAjtoQOutZe1hCXbAg+p89/Vj4HlQ==",
      "dev": true
    },
    "node_modules/leaflet": {
      "version": "1.9.4",
      "resolved": "https://registry.npmjs.org/leaflet/-/leaflet-1.9.4.tgz",
      "integrity": "sha512-nxS1ynzJOmOlHp+iL3FyWqK89GtNL8U8rvlMOsQdTTssxZwCXh8N2NB3GDQOL+YR3XnWyZAxwQixURb+FA74PA=="
    },
    "node_modules/leaflet-fullscreen": {
      "version": "1.0.2",
      "resolved": "https://registry.npmjs.org/leaflet-fullscreen/-/leaflet-fullscreen-1.0.2.tgz",
      "integrity": "sha512-1Yxm8RZg6KlKX25+hbP2H/wnOAphH7hFcvuADJFb4QZTN7uOSN9Hsci5EZpow8vtNej9OGzu59Jxmn+0qKOO9Q=="
    },
    "node_modules/leaflet-providers": {
      "version": "2.0.0",
      "resolved": "https://registry.npmjs.org/leaflet-providers/-/leaflet-providers-2.0.0.tgz",
      "integrity": "sha512-CWwKEnHd66Qsx0m4o5q5ZOa60s00B91pMxnlr4Y22msubfs7dhbZhdMIz8bvZQkrZqi67ppI1fsZRS6vtrLcOA=="
    },
    "node_modules/leaflet-realtime": {
      "version": "2.2.0",
      "resolved": "https://registry.npmjs.org/leaflet-realtime/-/leaflet-realtime-2.2.0.tgz",
      "integrity": "sha512-Z7xbUNdhvwngJUf3plG9Zw3SaGHzcOzi59tVS3jD0GcS6cOWbRNNfP2biwmtHbufM5VYTIWLATrQ4vrlGI23WA=="
    },
    "node_modules/leaflet-search": {
      "version": "4.0.0",
      "resolved": "https://registry.npmjs.org/leaflet-search/-/leaflet-search-4.0.0.tgz",
      "integrity": "sha512-V+Y7DURVoy6Y9ZGywfyorDRMYDbLwpWPA0yec+g2aW+iNZySdwv936jDZJtRfYxvkPRMEb8jDjH+Zf3nSFTPEw==",
      "dependencies": {
        "leaflet": "*"
      }
    },
    "node_modules/leaflet.locatecontrol": {
      "version": "0.79.0",
      "resolved": "https://registry.npmjs.org/leaflet.locatecontrol/-/leaflet.locatecontrol-0.79.0.tgz",
      "integrity": "sha512-h64QIHFkypYdr90lkSfjKvPvvk8/b8UnP3m9WuoWdp5p2AaCWC0T1NVwyuj4rd5U4fBW3tQt4ppmZ2LceHMIDg=="
    },
    "node_modules/leaflet.markercluster": {
      "version": "1.5.3",
      "resolved": "https://registry.npmjs.org/leaflet.markercluster/-/leaflet.markercluster-1.5.3.tgz",
      "integrity": "sha512-vPTw/Bndq7eQHjLBVlWpnGeLa3t+3zGiuM7fJwCkiMFq+nmRuG3RI3f7f4N4TDX7T4NpbAXpR2+NTRSEGfCSeA==",
      "peerDependencies": {
        "leaflet": "^1.3.1"
      }
    },
    "node_modules/plotly.js-dist-min": {
      "version": "2.33.0",
      "resolved": "https://registry.npmjs.org/plotly.js-dist-min/-/plotly.js-dist-min-2.33.0.tgz",
      "integrity": "sha512-XTgGZDC/srjk6HvEHu0YmWpSPCDYRBjk8q0bbsCPTpKH961wFXzhWj+qdJ4vMkLQWoO5vhzVAGN9ZlRM3fDQkQ=="
    },
    "node_modules/strftime": {
      "version": "0.10.2",
      "resolved": "https://registry.npmjs.org/strftime/-/strftime-0.10.2.tgz",
      "integrity": "sha512-Y6IZaTVM80chcMe7j65Gl/0nmlNdtt+KWPle5YeCAjmsBfw+id2qdaJ5MDrxUq+OmHKab+jHe7mUjU/aNMSZZg==",
      "engines": {
        "node": ">=0.2.0"
      }
    }
  }
}
